
Microsoft Visual Studio Solution File, Format Version 12.00
# Visual Studio 15
VisualStudioVersion = 15.0.27130.2010
MinimumVisualStudioVersion = 10.0.40219.1
Project("{FAE04EC0-301F-11D3-BF4B-00C04F79EFBC}") = "Lab4pnyavy", "Lab4pnyavy\Lab4pnyavy.csproj", "{1C5831DA-5C56-412F-A7DA-BFE03E7F8936}"
EndProject
Global
	GlobalSection(SolutionConfigurationPlatforms) = preSolution
		Debug|Any CPU = Debug|Any CPU
		Release|Any CPU = Release|Any CPU
	EndGlobalSection
	GlobalSection(ProjectConfigurationPlatforms) = postSolution
		{1C5831DA-5C56-412F-A7DA-BFE03E7F8936}.Debug|Any CPU.ActiveCfg = Debug|Any CPU
		{1C5831DA-5C56-412F-A7DA-BFE03E7F8936}.Debug|Any CPU.Build.0 = Debug|Any CPU
		{1C5831DA-5C56-412F-A7DA-BFE03E7F8936}.Release|Any CPU.ActiveCfg = Release|Any CPU
		{1C5831DA-5C56-412F-A7DA-BFE03E7F8936}.Release|Any CPU.Build.0 = Release|Any CPU
	EndGlobalSection
	GlobalSection(SolutionProperties) = preSolution
		HideSolutionNode = FALSE
	EndGlobalSection
	GlobalSection(ExtensibilityGlobals) = postSolution
		SolutionGuid = {2792A955-F02F-4335-B555-8FCF020CA360}
	EndGlobalSection
EndGlobal
